// !$*UTF8*$!
{
	archiveVersion = 1;
	classes = {
	};
	objectVersion = 46;
	objects = {

/* Begin PBXBuildFile section */
		084488016A4E899578A12D08 /* Pods_freezeframe.framework in Frameworks */ = {isa = PBXBuildFile; fileRef = AA433FEE49A27A987928B514 /* Pods_freezeframe.framework */; };
		C270FD1E1E7F23B800600DB4 /* NetworkClient.swift in Sources */ = {isa = PBXBuildFile; fileRef = C270FD1D1E7F23B800600DB4 /* NetworkClient.swift */; };
		C270FD201E7F25D800600DB4 /* modelList.swift in Sources */ = {isa = PBXBuildFile; fileRef = C270FD1F1E7F25D800600DB4 /* modelList.swift */; };
		C2D2458A1E7B1C0A0000665C /* AppDelegate.swift in Sources */ = {isa = PBXBuildFile; fileRef = C2D245891E7B1C0A0000665C /* AppDelegate.swift */; };
		C2D2458C1E7B1C0A0000665C /* ViewController.swift in Sources */ = {isa = PBXBuildFile; fileRef = C2D2458B1E7B1C0A0000665C /* ViewController.swift */; };
		C2D2458F1E7B1C0B0000665C /* Main.storyboard in Resources */ = {isa = PBXBuildFile; fileRef = C2D2458D1E7B1C0B0000665C /* Main.storyboard */; };
		C2D245911E7B1C0C0000665C /* Assets.xcassets in Resources */ = {isa = PBXBuildFile; fileRef = C2D245901E7B1C0C0000665C /* Assets.xcassets */; };
		C2D245941E7B1C0C0000665C /* LaunchScreen.storyboard in Resources */ = {isa = PBXBuildFile; fileRef = C2D245921E7B1C0C0000665C /* LaunchScreen.storyboard */; };
		C2DF64E71E816A8000565DA9 /* viewCell.swift in Sources */ = {isa = PBXBuildFile; fileRef = C2DF64E51E816A7F00565DA9 /* viewCell.swift */; };
		C2DF64E81E816A8000565DA9 /* viewCell.xib in Resources */ = {isa = PBXBuildFile; fileRef = C2DF64E61E816A7F00565DA9 /* viewCell.xib */; };
/* End PBXBuildFile section */

/* Begin PBXFileReference section */
		0B2BEE1967142D7D5A0B4FB2 /* Pods-freezeframe.debug.xcconfig */ = {isa = PBXFileReference; includeInIndex = 1; lastKnownFileType = text.xcconfig; name = "Pods-freezeframe.debug.xcconfig"; path = "Pods/Target Support Files/Pods-freezeframe/Pods-freezeframe.debug.xcconfig"; sourceTree = "<group>"; };
		428B272908F87BF286DAFEAB /* Pods-freezeframe.release.xcconfig */ = {isa = PBXFileReference; includeInIndex = 1; lastKnownFileType = text.xcconfig; name = "Pods-freezeframe.release.xcconfig"; path = "Pods/Target Support Files/Pods-freezeframe/Pods-freezeframe.release.xcconfig"; sourceTree = "<group>"; };
		AA433FEE49A27A987928B514 /* Pods_freezeframe.framework */ = {isa = PBXFileReference; explicitFileType = wrapper.framework; includeInIndex = 0; path = Pods_freezeframe.framework; sourceTree = BUILT_PRODUCTS_DIR; };
		C270FD1D1E7F23B800600DB4 /* NetworkClient.swift */ = {isa = PBXFileReference; fileEncoding = 4; lastKnownFileType = sourcecode.swift; path = NetworkClient.swift; sourceTree = "<group>"; };
		C270FD1F1E7F25D800600DB4 /* modelList.swift */ = {isa = PBXFileReference; fileEncoding = 4; lastKnownFileType = sourcecode.swift; path = modelList.swift; sourceTree = "<group>"; };
		C2D245861E7B1C090000665C /* freezeframe.app */ = {isa = PBXFileReference; explicitFileType = wrapper.application; includeInIndex = 0; path = freezeframe.app; sourceTree = BUILT_PRODUCTS_DIR; };
		C2D245891E7B1C0A0000665C /* AppDelegate.swift */ = {isa = PBXFileReference; lastKnownFileType = sourcecode.swift; path = AppDelegate.swift; sourceTree = "<group>"; };
		C2D2458B1E7B1C0A0000665C /* ViewController.swift */ = {isa = PBXFileReference; lastKnownFileType = sourcecode.swift; path = ViewController.swift; sourceTree = "<group>"; };
		C2D2458E1E7B1C0B0000665C /* Base */ = {isa = PBXFileReference; lastKnownFileType = file.storyboard; name = Base; path = Base.lproj/Main.storyboard; sourceTree = "<group>"; };
		C2D245901E7B1C0C0000665C /* Assets.xcassets */ = {isa = PBXFileReference; lastKnownFileType = folder.assetcatalog; path = Assets.xcassets; sourceTree = "<group>"; };
		C2D245931E7B1C0C0000665C /* Base */ = {isa = PBXFileReference; lastKnownFileType = file.storyboard; name = Base; path = Base.lproj/LaunchScreen.storyboard; sourceTree = "<group>"; };
		C2D245951E7B1C0C0000665C /* Info.plist */ = {isa = PBXFileReference; lastKnownFileType = text.plist.xml; path = Info.plist; sourceTree = "<group>"; };
		C2DF64E51E816A7F00565DA9 /* viewCell.swift */ = {isa = PBXFileReference; fileEncoding = 4; lastKnownFileType = sourcecode.swift; path = viewCell.swift; sourceTree = "<group>"; };
		C2DF64E61E816A7F00565DA9 /* viewCell.xib */ = {isa = PBXFileReference; fileEncoding = 4; lastKnownFileType = file.xib; path = viewCell.xib; sourceTree = "<group>"; };
/* End PBXFileReference section */

/* Begin PBXFrameworksBuildPhase section */
		C2D245831E7B1C050000665C /* Frameworks */ = {
			isa = PBXFrameworksBuildPhase;
			buildActionMask = 2147483647;
			files = (
				084488016A4E899578A12D08 /* Pods_freezeframe.framework in Frameworks */,
			);
			runOnlyForDeploymentPostprocessing = 0;
		};
/* End PBXFrameworksBuildPhase section */

/* Begin PBXGroup section */
		002569F0D09521FDA72B58AD /* Pods */ = {
			isa = PBXGroup;
			children = (
				0B2BEE1967142D7D5A0B4FB2 /* Pods-freezeframe.debug.xcconfig */,
				428B272908F87BF286DAFEAB /* Pods-freezeframe.release.xcconfig */,
			);
			name = Pods;
			sourceTree = "<group>";
		};
		C2D2457D1E7B1C040000665C = {
			isa = PBXGroup;
			children = (
				C2D245881E7B1C090000665C /* freezeframe */,
				C2D245871E7B1C090000665C /* Products */,
				002569F0D09521FDA72B58AD /* Pods */,
				EF0E223F74C6D97E653B6595 /* Frameworks */,
			);
			sourceTree = "<group>";
		};
		C2D245871E7B1C090000665C /* Products */ = {
			isa = PBXGroup;
			children = (
				C2D245861E7B1C090000665C /* freezeframe.app */,
			);
			name = Products;
			sourceTree = "<group>";
		};
		C2D245881E7B1C090000665C /* freezeframe */ = {
			isa = PBXGroup;
			children = (
				C2D245891E7B1C0A0000665C /* AppDelegate.swift */,
				C2D2458B1E7B1C0A0000665C /* ViewController.swift */,
				C2DF64E51E816A7F00565DA9 /* viewCell.swift */,
				C2DF64E61E816A7F00565DA9 /* viewCell.xib */,
				C270FD1D1E7F23B800600DB4 /* NetworkClient.swift */,
				C270FD1F1E7F25D800600DB4 /* modelList.swift */,
				C2D2458D1E7B1C0B0000665C /* Main.storyboard */,
				C2D245901E7B1C0C0000665C /* Assets.xcassets */,
				C2D245921E7B1C0C0000665C /* LaunchScreen.storyboard */,
				C2D245951E7B1C0C0000665C /* Info.plist */,
			);
			path = freezeframe;
			sourceTree = "<group>";
		};
		EF0E223F74C6D97E653B6595 /* Frameworks */ = {
			isa = PBXGroup;
			children = (
				AA433FEE49A27A987928B514 /* Pods_freezeframe.framework */,
			);
			name = Frameworks;
			sourceTree = "<group>";
		};
/* End PBXGroup section */

/* Begin PBXNativeTarget section */
		C2D245851E7B1C050000665C /* freezeframe */ = {
			isa = PBXNativeTarget;
			buildConfigurationList = C2D245981E7B1C0C0000665C /* Build configuration list for PBXNativeTarget "freezeframe" */;
			buildPhases = (
				2CDD07F0D9B88A99F2F3B1E1 /* [CP] Check Pods Manifest.lock */,
				C2D245821E7B1C050000665C /* Sources */,
				C2D245831E7B1C050000665C /* Frameworks */,
				C2D245841E7B1C050000665C /* Resources */,
				DEB8D4E2F39BD1AC09BCC230 /* [CP] Embed Pods Frameworks */,
				2086E07B4534B888FBAC8295 /* [CP] Copy Pods Resources */,
			);
			buildRules = (
			);
			dependencies = (
			);
			name = freezeframe;
			productName = freezeframe;
			productReference = C2D245861E7B1C090000665C /* freezeframe.app */;
			productType = "com.apple.product-type.application";
		};
/* End PBXNativeTarget section */

/* Begin PBXProject section */
		C2D2457E1E7B1C040000665C /* Project object */ = {
			isa = PBXProject;
			attributes = {
				LastSwiftUpdateCheck = 0820;
				LastUpgradeCheck = 0820;
				ORGANIZATIONNAME = AnsA;
				TargetAttributes = {
					C2D245851E7B1C050000665C = {
						CreatedOnToolsVersion = 8.2.1;
						DevelopmentTeam = 2NVVKND5P4;
						ProvisioningStyle = Automatic;
					};
				};
			};
			buildConfigurationList = C2D245811E7B1C040000665C /* Build configuration list for PBXProject "freezeframe" */;
			compatibilityVersion = "Xcode 3.2";
			developmentRegion = English;
			hasScannedForEncodings = 0;
			knownRegions = (
				en,
				Base,
			);
			mainGroup = C2D2457D1E7B1C040000665C;
			productRefGroup = C2D245871E7B1C090000665C /* Products */;
			projectDirPath = "";
			projectRoot = "";
			targets = (
				C2D245851E7B1C050000665C /* freezeframe */,
			);
		};
/* End PBXProject section */

/* Begin PBXResourcesBuildPhase section */
		C2D245841E7B1C050000665C /* Resources */ = {
			isa = PBXResourcesBuildPhase;
			buildActionMask = 2147483647;
			files = (
				C2D245941E7B1C0C0000665C /* LaunchScreen.storyboard in Resources */,
				C2DF64E81E816A8000565DA9 /* viewCell.xib in Resources */,
				C2D245911E7B1C0C0000665C /* Assets.xcassets in Resources */,
				C2D2458F1E7B1C0B0000665C /* Main.storyboard in Resources */,
			);
			runOnlyForDeploymentPostprocessing = 0;
		};
/* End PBXResourcesBuildPhase section */

/* Begin PBXShellScriptBuildPhase section */
		2086E07B4534B888FBAC8295 /* [CP] Copy Pods Resources */ = {
			isa = PBXShellScriptBuildPhase;
			buildActionMask = 2147483647;
			files = (
			);
			inputPaths = (
			);
			name = "[CP] Copy Pods Resources";
			outputPaths = (
			);
			runOnlyForDeploymentPostprocessing = 0;
			shellPath = /bin/sh;
			shellScript = "\"${SRCROOT}/Pods/Target Support Files/Pods-freezeframe/Pods-freezeframe-resources.sh\"\n";
			showEnvVarsInLog = 0;
		};
		2CDD07F0D9B88A99F2F3B1E1 /* [CP] Check Pods Manifest.lock */ = {
			isa = PBXShellScriptBuildPhase;
			buildActionMask = 2147483647;
			files = (
			);
			inputPaths = (
			);
			name = "[CP] Check Pods Manifest.lock";
			outputPaths = (
			);
			runOnlyForDeploymentPostprocessing = 0;
			shellPath = /bin/sh;
			shellScript = "diff \"${PODS_ROOT}/../Podfile.lock\" \"${PODS_ROOT}/Manifest.lock\" > /dev/null\nif [ $? != 0 ] ; then\n    # print error to STDERR\n    echo \"error: The sandbox is not in sync with the Podfile.lock. Run 'pod install' or update your CocoaPods installation.\" >&2\n    exit 1\nfi\n";
			showEnvVarsInLog = 0;
		};
		DEB8D4E2F39BD1AC09BCC230 /* [CP] Embed Pods Frameworks */ = {
			isa = PBXShellScriptBuildPhase;
			buildActionMask = 2147483647;
			files = (
			);
			inputPaths = (
			);
			name = "[CP] Embed Pods Frameworks";
			outputPaths = (
			);
			runOnlyForDeploymentPostprocessing = 0;
			shellPath = /bin/sh;
			shellScript = "\"${SRCROOT}/Pods/Target Support Files/Pods-freezeframe/Pods-freezeframe-frameworks.sh\"\n";
			showEnvVarsInLog = 0;
		};
/* End PBXShellScriptBuildPhase section */

/* Begin PBXSourcesBuildPhase section */
		C2D245821E7B1C050000665C /* Sources */ = {
			isa = PBXSourcesBuildPhase;
			buildActionMask = 2147483647;
			files = (
				C2D2458C1E7B1C0A0000665C /* ViewController.swift in Sources */,
				C2D2458A1E7B1C0A0000665C /* AppDelegate.swift in Sources */,
				C2DF64E71E816A8000565DA9 /* viewCell.swift in Sources */,
				C270FD1E1E7F23B800600DB4 /* NetworkClient.swift in Sources */,
				C270FD201E7F25D800600DB4 /* modelList.swift in Sources */,
			);
			runOnlyForDeploymentPostprocessing = 0;
		};
/* End PBXSourcesBuildPhase section */

/* Begin PBXVariantGroup section */
		C2D2458D1E7B1C0B0000665C /* Main.storyboard */ = {
			isa = PBXVariantGroup;
			children = (
				C2D2458E1E7B1C0B0000665C /* Base */,
			);
			name = Main.storyboard;
			sourceTree = "<group>";
		};
		C2D245921E7B1C0C0000665C /* LaunchScreen.storyboard */ = {
			isa = PBXVariantGroup;
			children = (
				C2D245931E7B1C0C0000665C /* Base */,
			);
			name = LaunchScreen.storyboard;
			sourceTree = "<group>";
		};
/* End PBXVariantGroup section */

/* Begin XCBuildConfiguration section */
		C2D245961E7B1C0C0000665C /* Debug */ = {
			isa = XCBuildConfiguration;
			buildSettings = {
				ALWAYS_SEARCH_USER_PATHS = NO;
				CLANG_ANALYZER_NONNULL = YES;
				CLANG_CXX_LANGUAGE_STANDARD = "gnu++0x";
				CLANG_CXX_LIBRARY = "libc++";
				CLANG_ENABLE_MODULES = YES;
				CLANG_ENABLE_OBJC_ARC = YES;
				CLANG_WARN_BOOL_CONVERSION = YES;
				CLANG_WARN_CONSTANT_CONVERSION = YES;
				CLANG_WARN_DIRECT_OBJC_ISA_USAGE = YES_ERROR;
				CLANG_WARN_DOCUMENTATION_COMMENTS = YES;
				CLANG_WARN_EMPTY_BODY = YES;
				CLANG_WARN_ENUM_CONVERSION = YES;
				CLANG_WARN_INFINITE_RECURSION = YES;
				CLANG_WARN_INT_CONVERSION = YES;
				CLANG_WARN_OBJC_ROOT_CLASS = YES_ERROR;
				CLANG_WARN_SUSPICIOUS_MOVE = YES;
				CLANG_WARN_UNREACHABLE_CODE = YES;
				CLANG_WARN__DUPLICATE_METHOD_MATCH = YES;
				"CODE_SIGN_IDENTITY[sdk=iphoneos*]" = "iPhone Developer";
				COPY_PHASE_STRIP = NO;
				DEBUG_INFORMATION_FORMAT = dwarf;
				ENABLE_STRICT_OBJC_MSGSEND = YES;
				ENABLE_TESTABILITY = YES;
				GCC_C_LANGUAGE_STANDARD = gnu99;
				GCC_DYNAMIC_NO_PIC = NO;
				GCC_NO_COMMON_BLOCKS = YES;
				GCC_OPTIMIZATION_LEVEL = 0;
				GCC_PREPROCESSOR_DEFINITIONS = (
					"DEBUG=1",
					"$(inherited)",
				);
				GCC_WARN_64_TO_32_BIT_CONVERSION = YES;
				GCC_WARN_ABOUT_RETURN_TYPE = YES_ERROR;
				GCC_WARN_UNDECLARED_SELECTOR = YES;
				GCC_WARN_UNINITIALIZED_AUTOS = YES_AGGRESSIVE;
				GCC_WARN_UNUSED_FUNCTION = YES;
				GCC_WARN_UNUSED_VARIABLE = YES;
				IPHONEOS_DEPLOYMENT_TARGET = 10.2;
				MTL_ENABLE_DEBUG_INFO = YES;
				ONLY_ACTIVE_ARCH = YES;
				SDKROOT = iphoneos;
				SWIFT_ACTIVE_COMPILATION_CONDITIONS = DEBUG;
				SWIFT_OPTIMIZATION_LEVEL = "-Onone";
			};
			name = Debug;
		};
		C2D245971E7B1C0C0000665C /* Release */ = {
			isa = XCBuildConfiguration;
			buildSettings = {
				ALWAYS_SEARCH_USER_PATHS = NO;
				CLANG_ANALYZER_NONNULL = YES;
				CLANG_CXX_LANGUAGE_STANDARD = "gnu++0x";
				CLANG_CXX_LIBRARY = "libc++";
				CLANG_ENABLE_MODULES = YES;
				CLANG_ENABLE_OBJC_ARC = YES;
				CLANG_WARN_BOOL_CONVERSION = YES;
				CLANG_WARN_CONSTANT_CONVERSION = YES;
				CLANG_WARN_DIRECT_OBJC_ISA_USAGE = YES_ERROR;
				CLANG_WARN_DOCUMENTATION_COMMENTS = YES;
				CLANG_WARN_EMPTY_BODY = YES;
				CLANG_WARN_ENUM_CONVERSION = YES;
				CLANG_WARN_INFINITE_RECURSION = YES;
				CLANG_WARN_INT_CONVERSION = YES;
				CLANG_WARN_OBJC_ROOT_CLASS = YES_ERROR;
				CLANG_WARN_SUSPICIOUS_MOVE = YES;
				CLANG_WARN_UNREACHABLE_CODE = YES;
				CLANG_WARN__DUPLICATE_METHOD_MATCH = YES;
				"CODE_SIGN_IDENTITY[sdk=iphoneos*]" = "iPhone Developer";
				COPY_PHASE_STRIP = NO;
				DEBUG_INFORMATION_FORMAT = "dwarf-with-dsym";
				ENABLE_NS_ASSERTIONS = NO;
				ENABLE_STRICT_OBJC_MSGSEND = YES;
				GCC_C_LANGUAGE_STANDARD = gnu99;
				GCC_NO_COMMON_BLOCKS = YES;
				GCC_WARN_64_TO_32_BIT_CONVERSION = YES;
				GCC_WARN_ABOUT_RETURN_TYPE = YES_ERROR;
				GCC_WARN_UNDECLARED_SELECTOR = YES;
				GCC_WARN_UNINITIALIZED_AUTOS = YES_AGGRESSIVE;
				GCC_WARN_UNUSED_FUNCTION = YES;
				GCC_WARN_UNUSED_VARIABLE = YES;
				IPHONEOS_DEPLOYMENT_TARGET = 10.2;
				MTL_ENABLE_DEBUG_INFO = NO;
				SDKROOT = iphoneos;
				SWIFT_OPTIMIZATION_LEVEL = "-Owholemodule";
				VALIDATE_PRODUCT = YES;
			};
			name = Release;
		};
		C2D245991E7B1C0C0000665C /* Debug */ = {
			isa = XCBuildConfiguration;
			baseConfigurationReference = 0B2BEE1967142D7D5A0B4FB2 /* Pods-freezeframe.debug.xcconfig */;
			buildSettings = {
				ASSETCATALOG_COMPILER_APPICON_NAME = AppIcon;
				DEVELOPMENT_TEAM = 2NVVKND5P4;
				INFOPLIST_FILE = freezeframe/Info.plist;
				LD_RUNPATH_SEARCH_PATHS = "$(inherited) @executable_path/Frameworks";
				PRODUCT_BUNDLE_IDENTIFIER = com.AnsA.freezeframe;
				PRODUCT_NAME = "$(TARGET_NAME)";
				SWIFT_VERSION = 3.0;
			};
			name = Debug;
		};
		C2D2459A1E7B1C0C0000665C /* Release */ = {
			isa = XCBuildConfiguration;
			baseConfigurationReference = 428B272908F87BF286DAFEAB /* Pods-freezeframe.release.xcconfig */;
			buildSettings = {
				ASSETCATALOG_COMPILER_APPICON_NAME = AppIcon;
				DEVELOPMENT_TEAM = 2NVVKND5P4;
				INFOPLIST_FILE = freezeframe/Info.plist;
				LD_RUNPATH_SEARCH_PATHS = "$(inherited) @executable_path/Frameworks";
				PRODUCT_BUNDLE_IDENTIFIER = com.AnsA.freezeframe;
				PRODUCT_NAME = "$(TARGET_NAME)";
				SWIFT_VERSION = 3.0;
			};
			name = Release;
		};
/* End XCBuildConfiguration section */

/* Begin XCConfigurationList section */
		C2D245811E7B1C040000665C /* Build configuration list for PBXProject "freezeframe" */ = {
			isa = XCConfigurationList;
			buildConfigurations = (
				C2D245961E7B1C0C0000665C /* Debug */,
				C2D245971E7B1C0C0000665C /* Release */,
			);
			defaultConfigurationIsVisible = 0;
			defaultConfigurationName = Release;
		};
		C2D245981E7B1C0C0000665C /* Build configuration list for PBXNativeTarget "freezeframe" */ = {
			isa = XCConfigurationList;
			buildConfigurations = (
				C2D245991E7B1C0C0000665C /* Debug */,
				C2D2459A1E7B1C0C0000665C /* Release */,
			);
			defaultConfigurationIsVisible = 0;
			defaultConfigurationName = Release;
		};
/* End XCConfigurationList section */
	};
	rootObject = C2D2457E1E7B1C040000665C /* Project object */;
}
